
Microsoft Visual Studio Solution File, Format Version 12.00
# Visual Studio Version 16
VisualStudioVersion = 16.0.29411.108
MinimumVisualStudioVersion = 10.0.40219.1
Project("{9A19103F-16F7-4668-BE54-9A1E7A4F7556}") = "JQ.Base.Api", "JQ.Base.Api\JQ.Base.Api.csproj", "{685E24C5-C380-4EF6-A270-6C22C6E6CBEB}"
EndProject
Project("{9A19103F-16F7-4668-BE54-9A1E7A4F7556}") = "JQ.Base.Infrastructure", "JQ.Base.Infrastructure\JQ.Base.Infrastructure.csproj", "{BD00E21B-9605-4534-98D4-CBE8A940540F}"
EndProject
Project("{9A19103F-16F7-4668-BE54-9A1E7A4F7556}") = "JQ.Base.IServices", "JQ.Base.IServices\JQ.Base.IServices.csproj", "{CE944C8A-7B98-47C7-8349-0B379CCC9495}"
EndProject
Project("{9A19103F-16F7-4668-BE54-9A1E7A4F7556}") = "JQ.Base.Services", "JQ.Base.Services\JQ.Base.Services.csproj", "{72D1A549-90E7-43D2-97BB-9272AA6C9F17}"
EndProject
Project("{9A19103F-16F7-4668-BE54-9A1E7A4F7556}") = "JQ.Common", "JQ.Common\JQ.Common.csproj", "{3823158A-918B-4B1E-BE19-DC3D643740A2}"
EndProject
Global
	GlobalSection(SolutionConfigurationPlatforms) = preSolution
		Debug|Any CPU = Debug|Any CPU
		Release|Any CPU = Release|Any CPU
	EndGlobalSection
	GlobalSection(ProjectConfigurationPlatforms) = postSolution
		{685E24C5-C380-4EF6-A270-6C22C6E6CBEB}.Debug|Any CPU.ActiveCfg = Debug|Any CPU
		{685E24C5-C380-4EF6-A270-6C22C6E6CBEB}.Debug|Any CPU.Build.0 = Debug|Any CPU
		{685E24C5-C380-4EF6-A270-6C22C6E6CBEB}.Release|Any CPU.ActiveCfg = Release|Any CPU
		{685E24C5-C380-4EF6-A270-6C22C6E6CBEB}.Release|Any CPU.Build.0 = Release|Any CPU
		{BD00E21B-9605-4534-98D4-CBE8A940540F}.Debug|Any CPU.ActiveCfg = Debug|Any CPU
		{BD00E21B-9605-4534-98D4-CBE8A940540F}.Debug|Any CPU.Build.0 = Debug|Any CPU
		{BD00E21B-9605-4534-98D4-CBE8A940540F}.Release|Any CPU.ActiveCfg = Release|Any CPU
		{BD00E21B-9605-4534-98D4-CBE8A940540F}.Release|Any CPU.Build.0 = Release|Any CPU
		{CE944C8A-7B98-47C7-8349-0B379CCC9495}.Debug|Any CPU.ActiveCfg = Debug|Any CPU
		{CE944C8A-7B98-47C7-8349-0B379CCC9495}.Debug|Any CPU.Build.0 = Debug|Any CPU
		{CE944C8A-7B98-47C7-8349-0B379CCC9495}.Release|Any CPU.ActiveCfg = Release|Any CPU
		{CE944C8A-7B98-47C7-8349-0B379CCC9495}.Release|Any CPU.Build.0 = Release|Any CPU
		{72D1A549-90E7-43D2-97BB-9272AA6C9F17}.Debug|Any CPU.ActiveCfg = Debug|Any CPU
		{72D1A549-90E7-43D2-97BB-9272AA6C9F17}.Debug|Any CPU.Build.0 = Debug|Any CPU
		{72D1A549-90E7-43D2-97BB-9272AA6C9F17}.Release|Any CPU.ActiveCfg = Release|Any CPU
		{72D1A549-90E7-43D2-97BB-9272AA6C9F17}.Release|Any CPU.Build.0 = Release|Any CPU
		{3823158A-918B-4B1E-BE19-DC3D643740A2}.Debug|Any CPU.ActiveCfg = Debug|Any CPU
		{3823158A-918B-4B1E-BE19-DC3D643740A2}.Debug|Any CPU.Build.0 = Debug|Any CPU
		{3823158A-918B-4B1E-BE19-DC3D643740A2}.Release|Any CPU.ActiveCfg = Release|Any CPU
		{3823158A-918B-4B1E-BE19-DC3D643740A2}.Release|Any CPU.Build.0 = Release|Any CPU
	EndGlobalSection
	GlobalSection(SolutionProperties) = preSolution
		HideSolutionNode = FALSE
	EndGlobalSection
	GlobalSection(ExtensibilityGlobals) = postSolution
		SolutionGuid = {7CD672E3-5CD3-40FE-BE1E-E22C21583772}
	EndGlobalSection
EndGlobal
